// !$*UTF8*$!
{
	archiveVersion = 1;
	classes = {
	};
	objectVersion = 48;
	objects = {

/* Begin PBXBuildFile section */
		DD2EA07B200CB384004E5E18 /* AppDelegate.swift in Sources */ = {isa = PBXBuildFile; fileRef = DD2EA07A200CB384004E5E18 /* AppDelegate.swift */; };
		DD2EA07D200CB384004E5E18 /* ViewController.swift in Sources */ = {isa = PBXBuildFile; fileRef = DD2EA07C200CB384004E5E18 /* ViewController.swift */; };
		DD2EA080200CB384004E5E18 /* Main.storyboard in Resources */ = {isa = PBXBuildFile; fileRef = DD2EA07E200CB384004E5E18 /* Main.storyboard */; };
		DD2EA082200CB384004E5E18 /* Assets.xcassets in Resources */ = {isa = PBXBuildFile; fileRef = DD2EA081200CB384004E5E18 /* Assets.xcassets */; };
		DD2EA085200CB384004E5E18 /* LaunchScreen.storyboard in Resources */ = {isa = PBXBuildFile; fileRef = DD2EA083200CB384004E5E18 /* LaunchScreen.storyboard */; };
/* End PBXBuildFile section */

/* Begin PBXFileReference section */
		DD2EA077200CB384004E5E18 /* AttributedString.app */ = {isa = PBXFileReference; explicitFileType = wrapper.application; includeInIndex = 0; path = AttributedString.app; sourceTree = BUILT_PRODUCTS_DIR; };
		DD2EA07A200CB384004E5E18 /* AppDelegate.swift */ = {isa = PBXFileReference; lastKnownFileType = sourcecode.swift; path = AppDelegate.swift; sourceTree = "<group>"; };
		DD2EA07C200CB384004E5E18 /* ViewController.swift */ = {isa = PBXFileReference; lastKnownFileType = sourcecode.swift; path = ViewController.swift; sourceTree = "<group>"; };
		DD2EA07F200CB384004E5E18 /* Base */ = {isa = PBXFileReference; lastKnownFileType = file.storyboard; name = Base; path = Base.lproj/Main.storyboard; sourceTree = "<group>"; };
		DD2EA081200CB384004E5E18 /* Assets.xcassets */ = {isa = PBXFileReference; lastKnownFileType = folder.assetcatalog; path = Assets.xcassets; sourceTree = "<group>"; };
		DD2EA084200CB384004E5E18 /* Base */ = {isa = PBXFileReference; lastKnownFileType = file.storyboard; name = Base; path = Base.lproj/LaunchScreen.storyboard; sourceTree = "<group>"; };
		DD2EA086200CB384004E5E18 /* Info.plist */ = {isa = PBXFileReference; lastKnownFileType = text.plist.xml; path = Info.plist; sourceTree = "<group>"; };
/* End PBXFileReference section */

/* Begin PBXFrameworksBuildPhase section */
		DD2EA074200CB384004E5E18 /* Frameworks */ = {
			isa = PBXFrameworksBuildPhase;
			buildActionMask = 2147483647;
			files = (
			);
			runOnlyForDeploymentPostprocessing = 0;
		};
/* End PBXFrameworksBuildPhase section */

/* Begin PBXGroup section */
		DD2EA06E200CB384004E5E18 = {
			isa = PBXGroup;
			children = (
				DD2EA079200CB384004E5E18 /* AttributedString */,
				DD2EA078200CB384004E5E18 /* Products */,
			);
			sourceTree = "<group>";
		};
		DD2EA078200CB384004E5E18 /* Products */ = {
			isa = PBXGroup;
			children = (
				DD2EA077200CB384004E5E18 /* AttributedString.app */,
			);
			name = Products;
			sourceTree = "<group>";
		};
		DD2EA079200CB384004E5E18 /* AttributedString */ = {
			isa = PBXGroup;
			children = (
				DD2EA07A200CB384004E5E18 /* AppDelegate.swift */,
				DD2EA07C200CB384004E5E18 /* ViewController.swift */,
				DD2EA07E200CB384004E5E18 /* Main.storyboard */,
				DD2EA081200CB384004E5E18 /* Assets.xcassets */,
				DD2EA083200CB384004E5E18 /* LaunchScreen.storyboard */,
				DD2EA086200CB384004E5E18 /* Info.plist */,
			);
			path = AttributedString;
			sourceTree = "<group>";
		};
/* End PBXGroup section */

/* Begin PBXNativeTarget section */
		DD2EA076200CB384004E5E18 /* AttributedString */ = {
			isa = PBXNativeTarget;
			buildConfigurationList = DD2EA089200CB384004E5E18 /* Build configuration list for PBXNativeTarget "AttributedString" */;
			buildPhases = (
				DD2EA073200CB384004E5E18 /* Sources */,
				DD2EA074200CB384004E5E18 /* Frameworks */,
				DD2EA075200CB384004E5E18 /* Resources */,
			);
			buildRules = (
			);
			dependencies = (
			);
			name = AttributedString;
			productName = AttributedString;
			productReference = DD2EA077200CB384004E5E18 /* AttributedString.app */;
			productType = "com.apple.product-type.application";
		};
/* End PBXNativeTarget section */

/* Begin PBXProject section */
		DD2EA06F200CB384004E5E18 /* Project object */ = {
			isa = PBXProject;
			attributes = {
				LastSwiftUpdateCheck = 0910;
				LastUpgradeCheck = 0910;
				ORGANIZATIONNAME = KiBen;
				TargetAttributes = {
					DD2EA076200CB384004E5E18 = {
						CreatedOnToolsVersion = 9.1;
						ProvisioningStyle = Manual;
					};
				};
			};
			buildConfigurationList = DD2EA072200CB384004E5E18 /* Build configuration list for PBXProject "AttributedString" */;
			compatibilityVersion = "Xcode 8.0";
			developmentRegion = en;
			hasScannedForEncodings = 0;
			knownRegions = (
				en,
				Base,
			);
			mainGroup = DD2EA06E200CB384004E5E18;
			productRefGroup = DD2EA078200CB384004E5E18 /* Products */;
			projectDirPath = "";
			projectRoot = "";
			targets = (
				DD2EA076200CB384004E5E18 /* AttributedString */,
			);
		};
/* End PBXProject section */

/* Begin PBXResourcesBuildPhase section */
		DD2EA075200CB384004E5E18 /* Resources */ = {
			isa = PBXResourcesBuildPhase;
			buildActionMask = 2147483647;
			files = (
				DD2EA085200CB384004E5E18 /* LaunchScreen.storyboard in Resources */,
				DD2EA082200CB384004E5E18 /* Assets.xcassets in Resources */,
				DD2EA080200CB384004E5E18 /* Main.storyboard in Resources */,
			);
			runOnlyForDeploymentPostprocessing = 0;
		};
/* End PBXResourcesBuildPhase section */

/* Begin PBXSourcesBuildPhase section */
		DD2EA073200CB384004E5E18 /* Sources */ = {
			isa = PBXSourcesBuildPhase;
			buildActionMask = 2147483647;
			files = (
				DD2EA07D200CB384004E5E18 /* ViewController.swift in Sources */,
				DD2EA07B200CB384004E5E18 /* AppDelegate.swift in Sources */,
			);
			runOnlyForDeploymentPostprocessing = 0;
		};
/* End PBXSourcesBuildPhase section */

/* Begin PBXVariantGroup section */
		DD2EA07E200CB384004E5E18 /* Main.storyboard */ = {
			isa = PBXVariantGroup;
			children = (
				DD2EA07F200CB384004E5E18 /* Base */,
			);
			name = Main.storyboard;
			sourceTree = "<group>";
		};
		DD2EA083200CB384004E5E18 /* LaunchScreen.storyboard */ = {
			isa = PBXVariantGroup;
			children = (
				DD2EA084200CB384004E5E18 /* Base */,
			);
			name = LaunchScreen.storyboard;
			sourceTree = "<group>";
		};
/* End PBXVariantGroup section */

/* Begin XCBuildConfiguration section */
		DD2EA087200CB384004E5E18 /* Debug */ = {
			isa = XCBuildConfiguration;
			buildSettings = {
				ALWAYS_SEARCH_USER_PATHS = NO;
				CLANG_ANALYZER_NONNULL = YES;
				CLANG_ANALYZER_NUMBER_OBJECT_CONVERSION = YES_AGGRESSIVE;
				CLANG_CXX_LANGUAGE_STANDARD = "gnu++14";
				CLANG_CXX_LIBRARY = "libc++";
				CLANG_ENABLE_MODULES = YES;
				CLANG_ENABLE_OBJC_ARC = YES;
				CLANG_WARN_BLOCK_CAPTURE_AUTORELEASING = YES;
				CLANG_WARN_BOOL_CONVERSION = YES;
				CLANG_WARN_COMMA = YES;
				CLANG_WARN_CONSTANT_CONVERSION = YES;
				CLANG_WARN_DIRECT_OBJC_ISA_USAGE = YES_ERROR;
				CLANG_WARN_DOCUMENTATION_COMMENTS = YES;
				CLANG_WARN_EMPTY_BODY = YES;
				CLANG_WARN_ENUM_CONVERSION = YES;
				CLANG_WARN_INFINITE_RECURSION = YES;
				CLANG_WARN_INT_CONVERSION = YES;
				CLANG_WARN_NON_LITERAL_NULL_CONVERSION = YES;
				CLANG_WARN_OBJC_LITERAL_CONVERSION = YES;
				CLANG_WARN_OBJC_ROOT_CLASS = YES_ERROR;
				CLANG_WARN_RANGE_LOOP_ANALYSIS = YES;
				CLANG_WARN_STRICT_PROTOTYPES = YES;
				CLANG_WARN_SUSPICIOUS_MOVE = YES;
				CLANG_WARN_UNGUARDED_AVAILABILITY = YES_AGGRESSIVE;
				CLANG_WARN_UNREACHABLE_CODE = YES;
				CLANG_WARN__DUPLICATE_METHOD_MATCH = YES;
				CODE_SIGN_IDENTITY = "iPhone Developer";
				COPY_PHASE_STRIP = NO;
				DEBUG_INFORMATION_FORMAT = dwarf;
				ENABLE_STRICT_OBJC_MSGSEND = YES;
				ENABLE_TESTABILITY = YES;
				GCC_C_LANGUAGE_STANDARD = gnu11;
				GCC_DYNAMIC_NO_PIC = NO;
				GCC_NO_COMMON_BLOCKS = YES;
				GCC_OPTIMIZATION_LEVEL = 0;
				GCC_PREPROCESSOR_DEFINITIONS = (
					"DEBUG=1",
					"$(inherited)",
				);
				GCC_WARN_64_TO_32_BIT_CONVERSION = YES;
				GCC_WARN_ABOUT_RETURN_TYPE = YES_ERROR;
				GCC_WARN_UNDECLARED_SELECTOR = YES;
				GCC_WARN_UNINITIALIZED_AUTOS = YES_AGGRESSIVE;
				GCC_WARN_UNUSED_FUNCTION = YES;
				GCC_WARN_UNUSED_VARIABLE = YES;
				IPHONEOS_DEPLOYMENT_TARGET = 11.1;
				MTL_ENABLE_DEBUG_INFO = YES;
				ONLY_ACTIVE_ARCH = YES;
				SDKROOT = iphoneos;
				SWIFT_ACTIVE_COMPILATION_CONDITIONS = DEBUG;
				SWIFT_OPTIMIZATION_LEVEL = "-Onone";
			};
			name = Debug;
		};
		DD2EA088200CB384004E5E18 /* Release */ = {
			isa = XCBuildConfiguration;
			buildSettings = {
				ALWAYS_SEARCH_USER_PATHS = NO;
				CLANG_ANALYZER_NONNULL = YES;
				CLANG_ANALYZER_NUMBER_OBJECT_CONVERSION = YES_AGGRESSIVE;
				CLANG_CXX_LANGUAGE_STANDARD = "gnu++14";
				CLANG_CXX_LIBRARY = "libc++";
				CLANG_ENABLE_MODULES = YES;
				CLANG_ENABLE_OBJC_ARC = YES;
				CLANG_WARN_BLOCK_CAPTURE_AUTORELEASING = YES;
				CLANG_WARN_BOOL_CONVERSION = YES;
				CLANG_WARN_COMMA = YES;
				CLANG_WARN_CONSTANT_CONVERSION = YES;
				CLANG_WARN_DIRECT_OBJC_ISA_USAGE = YES_ERROR;
				CLANG_WARN_DOCUMENTATION_COMMENTS = YES;
				CLANG_WARN_EMPTY_BODY = YES;
				CLANG_WARN_ENUM_CONVERSION = YES;
				CLANG_WARN_INFINITE_RECURSION = YES;
				CLANG_WARN_INT_CONVERSION = YES;
				CLANG_WARN_NON_LITERAL_NULL_CONVERSION = YES;
				CLANG_WARN_OBJC_LITERAL_CONVERSION = YES;
				CLANG_WARN_OBJC_ROOT_CLASS = YES_ERROR;
				CLANG_WARN_RANGE_LOOP_ANALYSIS = YES;
				CLANG_WARN_STRICT_PROTOTYPES = YES;
				CLANG_WARN_SUSPICIOUS_MOVE = YES;
				CLANG_WARN_UNGUARDED_AVAILABILITY = YES_AGGRESSIVE;
				CLANG_WARN_UNREACHABLE_CODE = YES;
				CLANG_WARN__DUPLICATE_METHOD_MATCH = YES;
				CODE_SIGN_IDENTITY = "iPhone Developer";
				COPY_PHASE_STRIP = NO;
				DEBUG_INFORMATION_FORMAT = "dwarf-with-dsym";
				ENABLE_NS_ASSERTIONS = NO;
				ENABLE_STRICT_OBJC_MSGSEND = YES;
				GCC_C_LANGUAGE_STANDARD = gnu11;
				GCC_NO_COMMON_BLOCKS = YES;
				GCC_WARN_64_TO_32_BIT_CONVERSION = YES;
				GCC_WARN_ABOUT_RETURN_TYPE = YES_ERROR;
				GCC_WARN_UNDECLARED_SELECTOR = YES;
				GCC_WARN_UNINITIALIZED_AUTOS = YES_AGGRESSIVE;
				GCC_WARN_UNUSED_FUNCTION = YES;
				GCC_WARN_UNUSED_VARIABLE = YES;
				IPHONEOS_DEPLOYMENT_TARGET = 11.1;
				MTL_ENABLE_DEBUG_INFO = NO;
				SDKROOT = iphoneos;
				SWIFT_OPTIMIZATION_LEVEL = "-Owholemodule";
				VALIDATE_PRODUCT = YES;
			};
			name = Release;
		};
		DD2EA08A200CB384004E5E18 /* Debug */ = {
			isa = XCBuildConfiguration;
			buildSettings = {
				ASSETCATALOG_COMPILER_APPICON_NAME = AppIcon;
				CODE_SIGN_IDENTITY = "iPhone Developer";
				CODE_SIGN_STYLE = Manual;
				DEVELOPMENT_TEAM = TUWZFZTDD4;
				INFOPLIST_FILE = AttributedString/Info.plist;
				IPHONEOS_DEPLOYMENT_TARGET = 9.0;
				LD_RUNPATH_SEARCH_PATHS = "$(inherited) @executable_path/Frameworks";
				PRODUCT_BUNDLE_IDENTIFIER = com.attributedString.sandboxol;
				PRODUCT_NAME = "$(TARGET_NAME)";
				PROVISIONING_PROFILE = "ea4c5fca-a72d-46f1-8e70-6259195ed8ab";
				PROVISIONING_PROFILE_SPECIFIER = AttributedString_Dev_Provisioning_File;
				SWIFT_VERSION = 3.0;
				TARGETED_DEVICE_FAMILY = "1,2";
			};
			name = Debug;
		};
		DD2EA08B200CB384004E5E18 /* Release */ = {
			isa = XCBuildConfiguration;
			buildSettings = {
				ASSETCATALOG_COMPILER_APPICON_NAME = AppIcon;
				CODE_SIGN_IDENTITY = "iPhone Developer";
				"CODE_SIGN_IDENTITY[sdk=iphoneos*]" = "iPhone Distribution";
				CODE_SIGN_STYLE = Manual;
				DEVELOPMENT_TEAM = TUWZFZTDD4;
				INFOPLIST_FILE = AttributedString/Info.plist;
				IPHONEOS_DEPLOYMENT_TARGET = 9.0;
				LD_RUNPATH_SEARCH_PATHS = "$(inherited) @executable_path/Frameworks";
				PRODUCT_BUNDLE_IDENTIFIER = com.attributedString.sandboxol;
				PRODUCT_NAME = "$(TARGET_NAME)";
				PROVISIONING_PROFILE = "1e1b8082-4c8a-4d2e-90f9-b7ffada208f1";
				PROVISIONING_PROFILE_SPECIFIER = AttributedString_Dis_Provisioning_File;
				SWIFT_VERSION = 3.0;
				TARGETED_DEVICE_FAMILY = "1,2";
			};
			name = Release;
		};
/* End XCBuildConfiguration section */

/* Begin XCConfigurationList section */
		DD2EA072200CB384004E5E18 /* Build configuration list for PBXProject "AttributedString" */ = {
			isa = XCConfigurationList;
			buildConfigurations = (
				DD2EA087200CB384004E5E18 /* Debug */,
				DD2EA088200CB384004E5E18 /* Release */,
			);
			defaultConfigurationIsVisible = 0;
			defaultConfigurationName = Release;
		};
		DD2EA089200CB384004E5E18 /* Build configuration list for PBXNativeTarget "AttributedString" */ = {
			isa = XCConfigurationList;
			buildConfigurations = (
				DD2EA08A200CB384004E5E18 /* Debug */,
				DD2EA08B200CB384004E5E18 /* Release */,
			);
			defaultConfigurationIsVisible = 0;
			defaultConfigurationName = Release;
		};
/* End XCConfigurationList section */
	};
	rootObject = DD2EA06F200CB384004E5E18 /* Project object */;
}
